
Microsoft Visual Studio Solution File, Format Version 12.00
# Visual Studio Version 17
VisualStudioVersion = 17.6.33815.320
MinimumVisualStudioVersion = 10.0.40219.1
Project("{FAE04EC0-301F-11D3-BF4B-00C04F79EFBC}") = "TradeStream", "TradeStream\TradeStream.csproj", "{64C2BE9A-9FBB-44B0-B54C-550E2EC5C6B8}"
EndProject
Global
	GlobalSection(SolutionConfigurationPlatforms) = preSolution
		Debug|Any CPU = Debug|Any CPU
		Release|Any CPU = Release|Any CPU
	EndGlobalSection
	GlobalSection(ProjectConfigurationPlatforms) = postSolution
		{64C2BE9A-9FBB-44B0-B54C-550E2EC5C6B8}.Debug|Any CPU.ActiveCfg = Debug|Any CPU
		{64C2BE9A-9FBB-44B0-B54C-550E2EC5C6B8}.Debug|Any CPU.Build.0 = Debug|Any CPU
		{64C2BE9A-9FBB-44B0-B54C-550E2EC5C6B8}.Release|Any CPU.ActiveCfg = Release|Any CPU
		{64C2BE9A-9FBB-44B0-B54C-550E2EC5C6B8}.Release|Any CPU.Build.0 = Release|Any CPU
	EndGlobalSection
	GlobalSection(SolutionProperties) = preSolution
		HideSolutionNode = FALSE
	EndGlobalSection
	GlobalSection(ExtensibilityGlobals) = postSolution
		SolutionGuid = {A4E35AE0-FF3A-4F1C-8C0B-CFE72292348B}
	EndGlobalSection
EndGlobal
